
Microsoft Visual Studio Solution File, Format Version 12.00
# Visual Studio Version 16
VisualStudioVersion = 16.0.30717.126
MinimumVisualStudioVersion = 10.0.40219.1
Project("{FAE04EC0-301F-11D3-BF4B-00C04F79EFBC}") = "SAP Batch GR-TR", "SAP Batch GR-TR.csproj", "{BA401D89-C8F6-41AD-B881-29E8A79ADAF7}"
EndProject
Global
	GlobalSection(SolutionConfigurationPlatforms) = preSolution
		Debug|Any CPU = Debug|Any CPU
		Release|Any CPU = Release|Any CPU
	EndGlobalSection
	GlobalSection(ProjectConfigurationPlatforms) = postSolution
		{BA401D89-C8F6-41AD-B881-29E8A79ADAF7}.Debug|Any CPU.ActiveCfg = Debug|Any CPU
		{BA401D89-C8F6-41AD-B881-29E8A79ADAF7}.Debug|Any CPU.Build.0 = Debug|Any CPU
		{BA401D89-C8F6-41AD-B881-29E8A79ADAF7}.Release|Any CPU.ActiveCfg = Release|Any CPU
		{BA401D89-C8F6-41AD-B881-29E8A79ADAF7}.Release|Any CPU.Build.0 = Release|Any CPU
	EndGlobalSection
	GlobalSection(SolutionProperties) = preSolution
		HideSolutionNode = FALSE
	EndGlobalSection
	GlobalSection(ExtensibilityGlobals) = postSolution
		SolutionGuid = {BBBD569C-5A32-4EBE-BB29-30C85DE702E0}
	EndGlobalSection
EndGlobal
